
Microsoft Visual Studio Solution File, Format Version 12.00
# Visual Studio Version 16
VisualStudioVersion = 16.0.32630.194
MinimumVisualStudioVersion = 10.0.40219.1
Project("{9A19103F-16F7-4668-BE54-9A1E7A4F7556}") = "Gestion_Rendimiento_Frontend", "Gestion_Rendimiento_Frontend\Gestion_Rendimiento_Frontend.csproj", "{397A771B-ECD1-4861-9699-3532A0086C16}"
EndProject
Project("{9A19103F-16F7-4668-BE54-9A1E7A4F7556}") = "Gestion_Rendimiento_Entity", "Gestion_Rendimiento_Entity\Gestion_Rendimiento_Entity.csproj", "{4561E91F-8CED-4E4F-875C-56990C3A476A}"
EndProject
Project("{9A19103F-16F7-4668-BE54-9A1E7A4F7556}") = "Gestion_Rendimiento_Data", "Gestion_Rendimiento_Data\Gestion_Rendimiento_Data.csproj", "{CC816A18-6023-48E2-9A7E-70DFE30927F7}"
EndProject
Project("{9A19103F-16F7-4668-BE54-9A1E7A4F7556}") = "Gestion_Rendimiento_Common", "Gestion_Rendimiento_Common\Gestion_Rendimiento_Common.csproj", "{B70F2A2B-4AA9-45F4-96A2-C17B0FE528DA}"
EndProject
Project("{9A19103F-16F7-4668-BE54-9A1E7A4F7556}") = "Gestion_Rendimiento_Repository", "Gestion_Rendimiento_Repository\Gestion_Rendimiento_Repository.csproj", "{2B6C1C50-9A2C-411E-8A3A-5FFF2FB9B1B4}"
EndProject
Project("{9A19103F-16F7-4668-BE54-9A1E7A4F7556}") = "Gestion_Rendimiento_Service", "Gestion_Rendimiento_Service\Gestion_Rendimiento_Service.csproj", "{F7E7D3E3-E201-423C-A3B3-D36DBE4635DB}"
EndProject
Project("{9A19103F-16F7-4668-BE54-9A1E7A4F7556}") = "Gestion_Rendimiento_IService", "Gestion_Rendimiento_IService\Gestion_Rendimiento_IService.csproj", "{70DC13C1-45E6-44DF-B90E-9ACBE5B17F17}"
EndProject
Project("{FAE04EC0-301F-11D3-BF4B-00C04F79EFBC}") = "Gestion_Rendimiento_Laserfiche", "Gestion_Rendimiento_Laserfiche\Gestion_Rendimiento_Laserfiche.csproj", "{F070A32D-47E3-4A87-9F94-256555312464}"
EndProject
Global
	GlobalSection(SolutionConfigurationPlatforms) = preSolution
		Debug|Any CPU = Debug|Any CPU
		Release|Any CPU = Release|Any CPU
	EndGlobalSection
	GlobalSection(ProjectConfigurationPlatforms) = postSolution
		{397A771B-ECD1-4861-9699-3532A0086C16}.Debug|Any CPU.ActiveCfg = Debug|Any CPU
		{397A771B-ECD1-4861-9699-3532A0086C16}.Debug|Any CPU.Build.0 = Debug|Any CPU
		{397A771B-ECD1-4861-9699-3532A0086C16}.Release|Any CPU.ActiveCfg = Release|Any CPU
		{397A771B-ECD1-4861-9699-3532A0086C16}.Release|Any CPU.Build.0 = Release|Any CPU
		{4561E91F-8CED-4E4F-875C-56990C3A476A}.Debug|Any CPU.ActiveCfg = Debug|Any CPU
		{4561E91F-8CED-4E4F-875C-56990C3A476A}.Debug|Any CPU.Build.0 = Debug|Any CPU
		{4561E91F-8CED-4E4F-875C-56990C3A476A}.Release|Any CPU.ActiveCfg = Release|Any CPU
		{4561E91F-8CED-4E4F-875C-56990C3A476A}.Release|Any CPU.Build.0 = Release|Any CPU
		{CC816A18-6023-48E2-9A7E-70DFE30927F7}.Debug|Any CPU.ActiveCfg = Debug|Any CPU
		{CC816A18-6023-48E2-9A7E-70DFE30927F7}.Debug|Any CPU.Build.0 = Debug|Any CPU
		{CC816A18-6023-48E2-9A7E-70DFE30927F7}.Release|Any CPU.ActiveCfg = Release|Any CPU
		{CC816A18-6023-48E2-9A7E-70DFE30927F7}.Release|Any CPU.Build.0 = Release|Any CPU
		{B70F2A2B-4AA9-45F4-96A2-C17B0FE528DA}.Debug|Any CPU.ActiveCfg = Debug|Any CPU
		{B70F2A2B-4AA9-45F4-96A2-C17B0FE528DA}.Debug|Any CPU.Build.0 = Debug|Any CPU
		{B70F2A2B-4AA9-45F4-96A2-C17B0FE528DA}.Release|Any CPU.ActiveCfg = Release|Any CPU
		{B70F2A2B-4AA9-45F4-96A2-C17B0FE528DA}.Release|Any CPU.Build.0 = Release|Any CPU
		{2B6C1C50-9A2C-411E-8A3A-5FFF2FB9B1B4}.Debug|Any CPU.ActiveCfg = Debug|Any CPU
		{2B6C1C50-9A2C-411E-8A3A-5FFF2FB9B1B4}.Debug|Any CPU.Build.0 = Debug|Any CPU
		{2B6C1C50-9A2C-411E-8A3A-5FFF2FB9B1B4}.Release|Any CPU.ActiveCfg = Release|Any CPU
		{2B6C1C50-9A2C-411E-8A3A-5FFF2FB9B1B4}.Release|Any CPU.Build.0 = Release|Any CPU
		{F7E7D3E3-E201-423C-A3B3-D36DBE4635DB}.Debug|Any CPU.ActiveCfg = Debug|Any CPU
		{F7E7D3E3-E201-423C-A3B3-D36DBE4635DB}.Debug|Any CPU.Build.0 = Debug|Any CPU
		{F7E7D3E3-E201-423C-A3B3-D36DBE4635DB}.Release|Any CPU.ActiveCfg = Release|Any CPU
		{F7E7D3E3-E201-423C-A3B3-D36DBE4635DB}.Release|Any CPU.Build.0 = Release|Any CPU
		{70DC13C1-45E6-44DF-B90E-9ACBE5B17F17}.Debug|Any CPU.ActiveCfg = Debug|Any CPU
		{70DC13C1-45E6-44DF-B90E-9ACBE5B17F17}.Debug|Any CPU.Build.0 = Debug|Any CPU
		{70DC13C1-45E6-44DF-B90E-9ACBE5B17F17}.Release|Any CPU.ActiveCfg = Release|Any CPU
		{70DC13C1-45E6-44DF-B90E-9ACBE5B17F17}.Release|Any CPU.Build.0 = Release|Any CPU
		{F070A32D-47E3-4A87-9F94-256555312464}.Debug|Any CPU.ActiveCfg = Debug|Any CPU
		{F070A32D-47E3-4A87-9F94-256555312464}.Debug|Any CPU.Build.0 = Debug|Any CPU
		{F070A32D-47E3-4A87-9F94-256555312464}.Release|Any CPU.ActiveCfg = Release|Any CPU
		{F070A32D-47E3-4A87-9F94-256555312464}.Release|Any CPU.Build.0 = Release|Any CPU
	EndGlobalSection
	GlobalSection(SolutionProperties) = preSolution
		HideSolutionNode = FALSE
	EndGlobalSection
	GlobalSection(ExtensibilityGlobals) = postSolution
		SolutionGuid = {38C2E63E-7022-4833-AEBB-586D0B6F572F}
	EndGlobalSection
EndGlobal
